
Microsoft Visual Studio Solution File, Format Version 12.00
# Visual Studio Version 17
VisualStudioVersion = 17.7.34202.233
MinimumVisualStudioVersion = 10.0.40219.1
Project("{9A19103F-16F7-4668-BE54-9A1E7A4F7556}") = "TrackingServiceAPI", "TrackingServiceAPI.csproj", "{7B7329FB-19C0-48E7-84DC-DF7121DED102}"
EndProject
Project("{FAE04EC0-301F-11D3-BF4B-00C04F79EFBC}") = "TrackingService.Domain", "..\TrackingService.Domain\TrackingService.Domain.csproj", "{528F67A7-EBCE-4FA2-8AC9-0E3434AEB9C7}"
EndProject
Project("{FAE04EC0-301F-11D3-BF4B-00C04F79EFBC}") = "TrackingService.Repositories", "..\TrackingService.Repositories\TrackingService.Repositories.csproj", "{9F0C50D9-5DD3-4AE3-B802-8D2D86350CFB}"
EndProject
Project("{FAE04EC0-301F-11D3-BF4B-00C04F79EFBC}") = "TrackingService.Services", "..\TrackingService.Services\TrackingService.Services.csproj", "{70EBA1B2-8F49-4AA3-BD3B-8D5C28CE885C}"
EndProject
Global
	GlobalSection(SolutionConfigurationPlatforms) = preSolution
		Debug|Any CPU = Debug|Any CPU
		Release|Any CPU = Release|Any CPU
	EndGlobalSection
	GlobalSection(ProjectConfigurationPlatforms) = postSolution
		{7B7329FB-19C0-48E7-84DC-DF7121DED102}.Debug|Any CPU.ActiveCfg = Debug|Any CPU
		{7B7329FB-19C0-48E7-84DC-DF7121DED102}.Debug|Any CPU.Build.0 = Debug|Any CPU
		{7B7329FB-19C0-48E7-84DC-DF7121DED102}.Release|Any CPU.ActiveCfg = Release|Any CPU
		{7B7329FB-19C0-48E7-84DC-DF7121DED102}.Release|Any CPU.Build.0 = Release|Any CPU
		{528F67A7-EBCE-4FA2-8AC9-0E3434AEB9C7}.Debug|Any CPU.ActiveCfg = Debug|Any CPU
		{528F67A7-EBCE-4FA2-8AC9-0E3434AEB9C7}.Debug|Any CPU.Build.0 = Debug|Any CPU
		{528F67A7-EBCE-4FA2-8AC9-0E3434AEB9C7}.Release|Any CPU.ActiveCfg = Release|Any CPU
		{528F67A7-EBCE-4FA2-8AC9-0E3434AEB9C7}.Release|Any CPU.Build.0 = Release|Any CPU
		{9F0C50D9-5DD3-4AE3-B802-8D2D86350CFB}.Debug|Any CPU.ActiveCfg = Debug|Any CPU
		{9F0C50D9-5DD3-4AE3-B802-8D2D86350CFB}.Debug|Any CPU.Build.0 = Debug|Any CPU
		{9F0C50D9-5DD3-4AE3-B802-8D2D86350CFB}.Release|Any CPU.ActiveCfg = Release|Any CPU
		{9F0C50D9-5DD3-4AE3-B802-8D2D86350CFB}.Release|Any CPU.Build.0 = Release|Any CPU
		{70EBA1B2-8F49-4AA3-BD3B-8D5C28CE885C}.Debug|Any CPU.ActiveCfg = Debug|Any CPU
		{70EBA1B2-8F49-4AA3-BD3B-8D5C28CE885C}.Debug|Any CPU.Build.0 = Debug|Any CPU
		{70EBA1B2-8F49-4AA3-BD3B-8D5C28CE885C}.Release|Any CPU.ActiveCfg = Release|Any CPU
		{70EBA1B2-8F49-4AA3-BD3B-8D5C28CE885C}.Release|Any CPU.Build.0 = Release|Any CPU
	EndGlobalSection
	GlobalSection(SolutionProperties) = preSolution
		HideSolutionNode = FALSE
	EndGlobalSection
	GlobalSection(ExtensibilityGlobals) = postSolution
		SolutionGuid = {5EA9DA7C-A5CB-4D3D-B8E6-D3709675B680}
	EndGlobalSection
EndGlobal
