
Microsoft Visual Studio Solution File, Format Version 12.00
# Visual Studio Version 17
VisualStudioVersion = 17.7.34202.233
MinimumVisualStudioVersion = 10.0.40219.1
Project("{FAE04EC0-301F-11D3-BF4B-00C04F79EFBC}") = "NotificationService", "NotificationService.csproj", "{D10E9536-DCA5-42D8-AED3-1486A36DA8C7}"
EndProject
Project("{FAE04EC0-301F-11D3-BF4B-00C04F79EFBC}") = "NotificationService.Domain", "..\NotificationService.Domain\NotificationService.Domain.csproj", "{65EB7BAC-1ABA-4D94-AFEA-38C2C0FDD030}"
EndProject
Project("{FAE04EC0-301F-11D3-BF4B-00C04F79EFBC}") = "NotificationService.Services", "..\NotificationService.Services\NotificationService.Services.csproj", "{68328E14-B25D-4E2E-B4FB-38094DBC7A00}"
EndProject
Project("{FAE04EC0-301F-11D3-BF4B-00C04F79EFBC}") = "NotificationService.Repositories", "..\NotificationService.Repositories\NotificationService.Repositories.csproj", "{4C3156AD-0D3D-4EBD-9E80-26E383ED7260}"
EndProject
Global
	GlobalSection(SolutionConfigurationPlatforms) = preSolution
		Debug|Any CPU = Debug|Any CPU
		Release|Any CPU = Release|Any CPU
	EndGlobalSection
	GlobalSection(ProjectConfigurationPlatforms) = postSolution
		{D10E9536-DCA5-42D8-AED3-1486A36DA8C7}.Debug|Any CPU.ActiveCfg = Debug|Any CPU
		{D10E9536-DCA5-42D8-AED3-1486A36DA8C7}.Debug|Any CPU.Build.0 = Debug|Any CPU
		{D10E9536-DCA5-42D8-AED3-1486A36DA8C7}.Release|Any CPU.ActiveCfg = Release|Any CPU
		{D10E9536-DCA5-42D8-AED3-1486A36DA8C7}.Release|Any CPU.Build.0 = Release|Any CPU
		{65EB7BAC-1ABA-4D94-AFEA-38C2C0FDD030}.Debug|Any CPU.ActiveCfg = Debug|Any CPU
		{65EB7BAC-1ABA-4D94-AFEA-38C2C0FDD030}.Debug|Any CPU.Build.0 = Debug|Any CPU
		{65EB7BAC-1ABA-4D94-AFEA-38C2C0FDD030}.Release|Any CPU.ActiveCfg = Release|Any CPU
		{65EB7BAC-1ABA-4D94-AFEA-38C2C0FDD030}.Release|Any CPU.Build.0 = Release|Any CPU
		{68328E14-B25D-4E2E-B4FB-38094DBC7A00}.Debug|Any CPU.ActiveCfg = Debug|Any CPU
		{68328E14-B25D-4E2E-B4FB-38094DBC7A00}.Debug|Any CPU.Build.0 = Debug|Any CPU
		{68328E14-B25D-4E2E-B4FB-38094DBC7A00}.Release|Any CPU.ActiveCfg = Release|Any CPU
		{68328E14-B25D-4E2E-B4FB-38094DBC7A00}.Release|Any CPU.Build.0 = Release|Any CPU
		{4C3156AD-0D3D-4EBD-9E80-26E383ED7260}.Debug|Any CPU.ActiveCfg = Debug|Any CPU
		{4C3156AD-0D3D-4EBD-9E80-26E383ED7260}.Debug|Any CPU.Build.0 = Debug|Any CPU
		{4C3156AD-0D3D-4EBD-9E80-26E383ED7260}.Release|Any CPU.ActiveCfg = Release|Any CPU
		{4C3156AD-0D3D-4EBD-9E80-26E383ED7260}.Release|Any CPU.Build.0 = Release|Any CPU
	EndGlobalSection
	GlobalSection(SolutionProperties) = preSolution
		HideSolutionNode = FALSE
	EndGlobalSection
	GlobalSection(ExtensibilityGlobals) = postSolution
		SolutionGuid = {D50CCECE-8680-4C8C-BA5B-1920F1AEA3FD}
	EndGlobalSection
EndGlobal
